// !$*UTF8*$!
{
	archiveVersion = 1;
	classes = {
	};
	objectVersion = 56;
	objects = {

/* Begin PBXBuildFile section */
		3F4AD92928FD84FD001DA1B1 /* Product.swift in Sources */ = {isa = PBXBuildFile; fileRef = 3F4AD92828FD84FD001DA1B1 /* Product.swift */; };
		3F4AD92B28FD8609001DA1B1 /* API.swift in Sources */ = {isa = PBXBuildFile; fileRef = 3F4AD92A28FD8609001DA1B1 /* API.swift */; };
		3F4AD971290033D3001DA1B1 /* TableViewCell.swift in Sources */ = {isa = PBXBuildFile; fileRef = 3F4AD970290033D3001DA1B1 /* TableViewCell.swift */; };
		3F4AD9732902D45C001DA1B1 /* APIEndPoint.swift in Sources */ = {isa = PBXBuildFile; fileRef = 3F4AD9722902D45C001DA1B1 /* APIEndPoint.swift */; };
		3F4AD9752902D4D3001DA1B1 /* HTTPSessionProtocol.swift in Sources */ = {isa = PBXBuildFile; fileRef = 3F4AD9742902D4D3001DA1B1 /* HTTPSessionProtocol.swift */; };
		3F4AD9782902DED8001DA1B1 /* SDWebImage in Frameworks */ = {isa = PBXBuildFile; productRef = 3F4AD9772902DED8001DA1B1 /* SDWebImage */; };
		3FE1923928F99D6C006AA6C0 /* AppDelegate.swift in Sources */ = {isa = PBXBuildFile; fileRef = 3FE1923828F99D6C006AA6C0 /* AppDelegate.swift */; };
		3FE1923B28F99D6C006AA6C0 /* SceneDelegate.swift in Sources */ = {isa = PBXBuildFile; fileRef = 3FE1923A28F99D6C006AA6C0 /* SceneDelegate.swift */; };
		3FE1923D28F99D6C006AA6C0 /* ViewController.swift in Sources */ = {isa = PBXBuildFile; fileRef = 3FE1923C28F99D6C006AA6C0 /* ViewController.swift */; };
		3FE1924328F99D6C006AA6C0 /* estore.xcdatamodeld in Sources */ = {isa = PBXBuildFile; fileRef = 3FE1924128F99D6C006AA6C0 /* estore.xcdatamodeld */; };
		3FE1924528F99D6D006AA6C0 /* Assets.xcassets in Resources */ = {isa = PBXBuildFile; fileRef = 3FE1924428F99D6D006AA6C0 /* Assets.xcassets */; };
		3FE1924828F99D6D006AA6C0 /* LaunchScreen.storyboard in Resources */ = {isa = PBXBuildFile; fileRef = 3FE1924628F99D6D006AA6C0 /* LaunchScreen.storyboard */; };
		3FE1925328F99D6D006AA6C0 /* estoreTests.swift in Sources */ = {isa = PBXBuildFile; fileRef = 3FE1925228F99D6D006AA6C0 /* estoreTests.swift */; };
		3FE1925D28F99D6D006AA6C0 /* estoreUITests.swift in Sources */ = {isa = PBXBuildFile; fileRef = 3FE1925C28F99D6D006AA6C0 /* estoreUITests.swift */; };
		3FE1925F28F99D6D006AA6C0 /* estoreUITestsLaunchTests.swift in Sources */ = {isa = PBXBuildFile; fileRef = 3FE1925E28F99D6D006AA6C0 /* estoreUITestsLaunchTests.swift */; };
/* End PBXBuildFile section */

/* Begin PBXContainerItemProxy section */
		3FE1924F28F99D6D006AA6C0 /* PBXContainerItemProxy */ = {
			isa = PBXContainerItemProxy;
			containerPortal = 3FE1922D28F99D6C006AA6C0 /* Project object */;
			proxyType = 1;
			remoteGlobalIDString = 3FE1923428F99D6C006AA6C0;
			remoteInfo = estore;
		};
		3FE1925928F99D6D006AA6C0 /* PBXContainerItemProxy */ = {
			isa = PBXContainerItemProxy;
			containerPortal = 3FE1922D28F99D6C006AA6C0 /* Project object */;
			proxyType = 1;
			remoteGlobalIDString = 3FE1923428F99D6C006AA6C0;
			remoteInfo = estore;
		};
/* End PBXContainerItemProxy section */

/* Begin PBXFileReference section */
		3F4AD92828FD84FD001DA1B1 /* Product.swift */ = {isa = PBXFileReference; lastKnownFileType = sourcecode.swift; path = Product.swift; sourceTree = "<group>"; };
		3F4AD92A28FD8609001DA1B1 /* API.swift */ = {isa = PBXFileReference; lastKnownFileType = sourcecode.swift; path = API.swift; sourceTree = "<group>"; };
		3F4AD970290033D3001DA1B1 /* TableViewCell.swift */ = {isa = PBXFileReference; lastKnownFileType = sourcecode.swift; path = TableViewCell.swift; sourceTree = "<group>"; };
		3F4AD9722902D45C001DA1B1 /* APIEndPoint.swift */ = {isa = PBXFileReference; lastKnownFileType = sourcecode.swift; path = APIEndPoint.swift; sourceTree = "<group>"; };
		3F4AD9742902D4D3001DA1B1 /* HTTPSessionProtocol.swift */ = {isa = PBXFileReference; lastKnownFileType = sourcecode.swift; path = HTTPSessionProtocol.swift; sourceTree = "<group>"; };
		3FE1923528F99D6C006AA6C0 /* estore.app */ = {isa = PBXFileReference; explicitFileType = wrapper.application; includeInIndex = 0; path = estore.app; sourceTree = BUILT_PRODUCTS_DIR; };
		3FE1923828F99D6C006AA6C0 /* AppDelegate.swift */ = {isa = PBXFileReference; lastKnownFileType = sourcecode.swift; path = AppDelegate.swift; sourceTree = "<group>"; };
		3FE1923A28F99D6C006AA6C0 /* SceneDelegate.swift */ = {isa = PBXFileReference; lastKnownFileType = sourcecode.swift; path = SceneDelegate.swift; sourceTree = "<group>"; };
		3FE1923C28F99D6C006AA6C0 /* ViewController.swift */ = {isa = PBXFileReference; lastKnownFileType = sourcecode.swift; path = ViewController.swift; sourceTree = "<group>"; };
		3FE1924228F99D6C006AA6C0 /* estore.xcdatamodel */ = {isa = PBXFileReference; lastKnownFileType = wrapper.xcdatamodel; path = estore.xcdatamodel; sourceTree = "<group>"; };
		3FE1924428F99D6D006AA6C0 /* Assets.xcassets */ = {isa = PBXFileReference; lastKnownFileType = folder.assetcatalog; path = Assets.xcassets; sourceTree = "<group>"; };
		3FE1924728F99D6D006AA6C0 /* Base */ = {isa = PBXFileReference; lastKnownFileType = file.storyboard; name = Base; path = Base.lproj/LaunchScreen.storyboard; sourceTree = "<group>"; };
		3FE1924928F99D6D006AA6C0 /* Info.plist */ = {isa = PBXFileReference; lastKnownFileType = text.plist.xml; path = Info.plist; sourceTree = "<group>"; };
		3FE1924E28F99D6D006AA6C0 /* estoreTests.xctest */ = {isa = PBXFileReference; explicitFileType = wrapper.cfbundle; includeInIndex = 0; path = estoreTests.xctest; sourceTree = BUILT_PRODUCTS_DIR; };
		3FE1925228F99D6D006AA6C0 /* estoreTests.swift */ = {isa = PBXFileReference; lastKnownFileType = sourcecode.swift; path = estoreTests.swift; sourceTree = "<group>"; };
		3FE1925828F99D6D006AA6C0 /* estoreUITests.xctest */ = {isa = PBXFileReference; explicitFileType = wrapper.cfbundle; includeInIndex = 0; path = estoreUITests.xctest; sourceTree = BUILT_PRODUCTS_DIR; };
		3FE1925C28F99D6D006AA6C0 /* estoreUITests.swift */ = {isa = PBXFileReference; lastKnownFileType = sourcecode.swift; path = estoreUITests.swift; sourceTree = "<group>"; };
		3FE1925E28F99D6D006AA6C0 /* estoreUITestsLaunchTests.swift */ = {isa = PBXFileReference; lastKnownFileType = sourcecode.swift; path = estoreUITestsLaunchTests.swift; sourceTree = "<group>"; };
/* End PBXFileReference section */

/* Begin PBXFrameworksBuildPhase section */
		3FE1923228F99D6C006AA6C0 /* Frameworks */ = {
			isa = PBXFrameworksBuildPhase;
			buildActionMask = 2147483647;
			files = (
				3F4AD9782902DED8001DA1B1 /* SDWebImage in Frameworks */,
			);
			runOnlyForDeploymentPostprocessing = 0;
		};
		3FE1924B28F99D6D006AA6C0 /* Frameworks */ = {
			isa = PBXFrameworksBuildPhase;
			buildActionMask = 2147483647;
			files = (
			);
			runOnlyForDeploymentPostprocessing = 0;
		};
		3FE1925528F99D6D006AA6C0 /* Frameworks */ = {
			isa = PBXFrameworksBuildPhase;
			buildActionMask = 2147483647;
			files = (
			);
			runOnlyForDeploymentPostprocessing = 0;
		};
/* End PBXFrameworksBuildPhase section */

/* Begin PBXGroup section */
		3FE1922C28F99D6C006AA6C0 = {
			isa = PBXGroup;
			children = (
				3FE1923728F99D6C006AA6C0 /* estore */,
				3FE1926B28F99DF3006AA6C0 /* Model */,
				3FE1926D28F99E05006AA6C0 /* View */,
				3FE1926E28F99E58006AA6C0 /* Services */,
				3FE1926C28F99DFB006AA6C0 /* ViewModel */,
				3FE1925128F99D6D006AA6C0 /* estoreTests */,
				3FE1925B28F99D6D006AA6C0 /* estoreUITests */,
				3FE1923628F99D6C006AA6C0 /* Products */,
			);
			sourceTree = "<group>";
		};
		3FE1923628F99D6C006AA6C0 /* Products */ = {
			isa = PBXGroup;
			children = (
				3FE1923528F99D6C006AA6C0 /* estore.app */,
				3FE1924E28F99D6D006AA6C0 /* estoreTests.xctest */,
				3FE1925828F99D6D006AA6C0 /* estoreUITests.xctest */,
			);
			name = Products;
			sourceTree = "<group>";
		};
		3FE1923728F99D6C006AA6C0 /* estore */ = {
			isa = PBXGroup;
			children = (
				3FE1923828F99D6C006AA6C0 /* AppDelegate.swift */,
				3FE1923A28F99D6C006AA6C0 /* SceneDelegate.swift */,
				3FE1923C28F99D6C006AA6C0 /* ViewController.swift */,
				3FE1924428F99D6D006AA6C0 /* Assets.xcassets */,
				3FE1924628F99D6D006AA6C0 /* LaunchScreen.storyboard */,
				3FE1924928F99D6D006AA6C0 /* Info.plist */,
				3FE1924128F99D6C006AA6C0 /* estore.xcdatamodeld */,
			);
			path = estore;
			sourceTree = "<group>";
		};
		3FE1925128F99D6D006AA6C0 /* estoreTests */ = {
			isa = PBXGroup;
			children = (
				3FE1925228F99D6D006AA6C0 /* estoreTests.swift */,
			);
			path = estoreTests;
			sourceTree = "<group>";
		};
		3FE1925B28F99D6D006AA6C0 /* estoreUITests */ = {
			isa = PBXGroup;
			children = (
				3FE1925C28F99D6D006AA6C0 /* estoreUITests.swift */,
				3FE1925E28F99D6D006AA6C0 /* estoreUITestsLaunchTests.swift */,
			);
			path = estoreUITests;
			sourceTree = "<group>";
		};
		3FE1926B28F99DF3006AA6C0 /* Model */ = {
			isa = PBXGroup;
			children = (
				3F4AD92828FD84FD001DA1B1 /* Product.swift */,
			);
			path = Model;
			sourceTree = "<group>";
		};
		3FE1926C28F99DFB006AA6C0 /* ViewModel */ = {
			isa = PBXGroup;
			children = (
			);
			path = ViewModel;
			sourceTree = "<group>";
		};
		3FE1926D28F99E05006AA6C0 /* View */ = {
			isa = PBXGroup;
			children = (
				3F4AD970290033D3001DA1B1 /* TableViewCell.swift */,
			);
			path = View;
			sourceTree = "<group>";
		};
		3FE1926E28F99E58006AA6C0 /* Services */ = {
			isa = PBXGroup;
			children = (
				3F4AD92A28FD8609001DA1B1 /* API.swift */,
				3F4AD9722902D45C001DA1B1 /* APIEndPoint.swift */,
				3F4AD9742902D4D3001DA1B1 /* HTTPSessionProtocol.swift */,
			);
			path = Services;
			sourceTree = "<group>";
		};
/* End PBXGroup section */

/* Begin PBXNativeTarget section */
		3FE1923428F99D6C006AA6C0 /* estore */ = {
			isa = PBXNativeTarget;
			buildConfigurationList = 3FE1926228F99D6D006AA6C0 /* Build configuration list for PBXNativeTarget "estore" */;
			buildPhases = (
				3FE1923128F99D6C006AA6C0 /* Sources */,
				3FE1923228F99D6C006AA6C0 /* Frameworks */,
				3FE1923328F99D6C006AA6C0 /* Resources */,
				3FE1926F28F9A1CD006AA6C0 /* ShellScript */,
			);
			buildRules = (
			);
			dependencies = (
			);
			name = estore;
			packageProductDependencies = (
				3F4AD9772902DED8001DA1B1 /* SDWebImage */,
			);
			productName = estore;
			productReference = 3FE1923528F99D6C006AA6C0 /* estore.app */;
			productType = "com.apple.product-type.application";
		};
		3FE1924D28F99D6D006AA6C0 /* estoreTests */ = {
			isa = PBXNativeTarget;
			buildConfigurationList = 3FE1926528F99D6D006AA6C0 /* Build configuration list for PBXNativeTarget "estoreTests" */;
			buildPhases = (
				3FE1924A28F99D6D006AA6C0 /* Sources */,
				3FE1924B28F99D6D006AA6C0 /* Frameworks */,
				3FE1924C28F99D6D006AA6C0 /* Resources */,
			);
			buildRules = (
			);
			dependencies = (
				3FE1925028F99D6D006AA6C0 /* PBXTargetDependency */,
			);
			name = estoreTests;
			productName = estoreTests;
			productReference = 3FE1924E28F99D6D006AA6C0 /* estoreTests.xctest */;
			productType = "com.apple.product-type.bundle.unit-test";
		};
		3FE1925728F99D6D006AA6C0 /* estoreUITests */ = {
			isa = PBXNativeTarget;
			buildConfigurationList = 3FE1926828F99D6D006AA6C0 /* Build configuration list for PBXNativeTarget "estoreUITests" */;
			buildPhases = (
				3FE1925428F99D6D006AA6C0 /* Sources */,
				3FE1925528F99D6D006AA6C0 /* Frameworks */,
				3FE1925628F99D6D006AA6C0 /* Resources */,
			);
			buildRules = (
			);
			dependencies = (
				3FE1925A28F99D6D006AA6C0 /* PBXTargetDependency */,
			);
			name = estoreUITests;
			productName = estoreUITests;
			productReference = 3FE1925828F99D6D006AA6C0 /* estoreUITests.xctest */;
			productType = "com.apple.product-type.bundle.ui-testing";
		};
/* End PBXNativeTarget section */

/* Begin PBXProject section */
		3FE1922D28F99D6C006AA6C0 /* Project object */ = {
			isa = PBXProject;
			attributes = {
				BuildIndependentTargetsInParallel = 1;
				LastSwiftUpdateCheck = 1400;
				LastUpgradeCheck = 1400;
				TargetAttributes = {
					3FE1923428F99D6C006AA6C0 = {
						CreatedOnToolsVersion = 14.0.1;
					};
					3FE1924D28F99D6D006AA6C0 = {
						CreatedOnToolsVersion = 14.0.1;
						TestTargetID = 3FE1923428F99D6C006AA6C0;
					};
					3FE1925728F99D6D006AA6C0 = {
						CreatedOnToolsVersion = 14.0.1;
						TestTargetID = 3FE1923428F99D6C006AA6C0;
					};
				};
			};
			buildConfigurationList = 3FE1923028F99D6C006AA6C0 /* Build configuration list for PBXProject "estore" */;
			compatibilityVersion = "Xcode 14.0";
			developmentRegion = en;
			hasScannedForEncodings = 0;
			knownRegions = (
				en,
				Base,
			);
			mainGroup = 3FE1922C28F99D6C006AA6C0;
			packageReferences = (
				3F4AD9762902DED8001DA1B1 /* XCRemoteSwiftPackageReference "SDWebImage" */,
			);
			productRefGroup = 3FE1923628F99D6C006AA6C0 /* Products */;
			projectDirPath = "";
			projectRoot = "";
			targets = (
				3FE1923428F99D6C006AA6C0 /* estore */,
				3FE1924D28F99D6D006AA6C0 /* estoreTests */,
				3FE1925728F99D6D006AA6C0 /* estoreUITests */,
			);
		};
/* End PBXProject section */

/* Begin PBXResourcesBuildPhase section */
		3FE1923328F99D6C006AA6C0 /* Resources */ = {
			isa = PBXResourcesBuildPhase;
			buildActionMask = 2147483647;
			files = (
				3FE1924828F99D6D006AA6C0 /* LaunchScreen.storyboard in Resources */,
				3FE1924528F99D6D006AA6C0 /* Assets.xcassets in Resources */,
			);
			runOnlyForDeploymentPostprocessing = 0;
		};
		3FE1924C28F99D6D006AA6C0 /* Resources */ = {
			isa = PBXResourcesBuildPhase;
			buildActionMask = 2147483647;
			files = (
			);
			runOnlyForDeploymentPostprocessing = 0;
		};
		3FE1925628F99D6D006AA6C0 /* Resources */ = {
			isa = PBXResourcesBuildPhase;
			buildActionMask = 2147483647;
			files = (
			);
			runOnlyForDeploymentPostprocessing = 0;
		};
/* End PBXResourcesBuildPhase section */

/* Begin PBXShellScriptBuildPhase section */
		3FE1926F28F9A1CD006AA6C0 /* ShellScript */ = {
			isa = PBXShellScriptBuildPhase;
			buildActionMask = 2147483647;
			files = (
			);
			inputFileListPaths = (
			);
			inputPaths = (
			);
			outputFileListPaths = (
			);
			outputPaths = (
			);
			runOnlyForDeploymentPostprocessing = 0;
			shellPath = /bin/sh;
			shellScript = "export PATH=\"$PATH:/opt/homebrew/bin\"\nif which swiftlint > /dev/null; then\n  swiftlint\nelse\n  echo \"warning: SwiftLint not installed, download from https://github.com/realm/SwiftLint\"\nfi\n";
		};
/* End PBXShellScriptBuildPhase section */

/* Begin PBXSourcesBuildPhase section */
		3FE1923128F99D6C006AA6C0 /* Sources */ = {
			isa = PBXSourcesBuildPhase;
			buildActionMask = 2147483647;
			files = (
				3FE1923D28F99D6C006AA6C0 /* ViewController.swift in Sources */,
				3F4AD9752902D4D3001DA1B1 /* HTTPSessionProtocol.swift in Sources */,
				3FE1924328F99D6C006AA6C0 /* estore.xcdatamodeld in Sources */,
				3F4AD92928FD84FD001DA1B1 /* Product.swift in Sources */,
				3FE1923928F99D6C006AA6C0 /* AppDelegate.swift in Sources */,
				3F4AD92B28FD8609001DA1B1 /* API.swift in Sources */,
				3F4AD971290033D3001DA1B1 /* TableViewCell.swift in Sources */,
				3FE1923B28F99D6C006AA6C0 /* SceneDelegate.swift in Sources */,
				3F4AD9732902D45C001DA1B1 /* APIEndPoint.swift in Sources */,
			);
			runOnlyForDeploymentPostprocessing = 0;
		};
		3FE1924A28F99D6D006AA6C0 /* Sources */ = {
			isa = PBXSourcesBuildPhase;
			buildActionMask = 2147483647;
			files = (
				3FE1925328F99D6D006AA6C0 /* estoreTests.swift in Sources */,
			);
			runOnlyForDeploymentPostprocessing = 0;
		};
		3FE1925428F99D6D006AA6C0 /* Sources */ = {
			isa = PBXSourcesBuildPhase;
			buildActionMask = 2147483647;
			files = (
				3FE1925F28F99D6D006AA6C0 /* estoreUITestsLaunchTests.swift in Sources */,
				3FE1925D28F99D6D006AA6C0 /* estoreUITests.swift in Sources */,
			);
			runOnlyForDeploymentPostprocessing = 0;
		};
/* End PBXSourcesBuildPhase section */

/* Begin PBXTargetDependency section */
		3FE1925028F99D6D006AA6C0 /* PBXTargetDependency */ = {
			isa = PBXTargetDependency;
			target = 3FE1923428F99D6C006AA6C0 /* estore */;
			targetProxy = 3FE1924F28F99D6D006AA6C0 /* PBXContainerItemProxy */;
		};
		3FE1925A28F99D6D006AA6C0 /* PBXTargetDependency */ = {
			isa = PBXTargetDependency;
			target = 3FE1923428F99D6C006AA6C0 /* estore */;
			targetProxy = 3FE1925928F99D6D006AA6C0 /* PBXContainerItemProxy */;
		};
/* End PBXTargetDependency section */

/* Begin PBXVariantGroup section */
		3FE1924628F99D6D006AA6C0 /* LaunchScreen.storyboard */ = {
			isa = PBXVariantGroup;
			children = (
				3FE1924728F99D6D006AA6C0 /* Base */,
			);
			name = LaunchScreen.storyboard;
			sourceTree = "<group>";
		};
/* End PBXVariantGroup section */

/* Begin XCBuildConfiguration section */
		3FE1926028F99D6D006AA6C0 /* Debug */ = {
			isa = XCBuildConfiguration;
			buildSettings = {
				ALWAYS_SEARCH_USER_PATHS = NO;
				CLANG_ANALYZER_NONNULL = YES;
				CLANG_ANALYZER_NUMBER_OBJECT_CONVERSION = YES_AGGRESSIVE;
				CLANG_CXX_LANGUAGE_STANDARD = "gnu++20";
				CLANG_ENABLE_MODULES = YES;
				CLANG_ENABLE_OBJC_ARC = YES;
				CLANG_ENABLE_OBJC_WEAK = YES;
				CLANG_WARN_BLOCK_CAPTURE_AUTORELEASING = YES;
				CLANG_WARN_BOOL_CONVERSION = YES;
				CLANG_WARN_COMMA = YES;
				CLANG_WARN_CONSTANT_CONVERSION = YES;
				CLANG_WARN_DEPRECATED_OBJC_IMPLEMENTATIONS = YES;
				CLANG_WARN_DIRECT_OBJC_ISA_USAGE = YES_ERROR;
				CLANG_WARN_DOCUMENTATION_COMMENTS = YES;
				CLANG_WARN_EMPTY_BODY = YES;
				CLANG_WARN_ENUM_CONVERSION = YES;
				CLANG_WARN_INFINITE_RECURSION = YES;
				CLANG_WARN_INT_CONVERSION = YES;
				CLANG_WARN_NON_LITERAL_NULL_CONVERSION = YES;
				CLANG_WARN_OBJC_IMPLICIT_RETAIN_SELF = YES;
				CLANG_WARN_OBJC_LITERAL_CONVERSION = YES;
				CLANG_WARN_OBJC_ROOT_CLASS = YES_ERROR;
				CLANG_WARN_QUOTED_INCLUDE_IN_FRAMEWORK_HEADER = YES;
				CLANG_WARN_RANGE_LOOP_ANALYSIS = YES;
				CLANG_WARN_STRICT_PROTOTYPES = YES;
				CLANG_WARN_SUSPICIOUS_MOVE = YES;
				CLANG_WARN_UNGUARDED_AVAILABILITY = YES_AGGRESSIVE;
				CLANG_WARN_UNREACHABLE_CODE = YES;
				CLANG_WARN__DUPLICATE_METHOD_MATCH = YES;
				COPY_PHASE_STRIP = NO;
				DEBUG_INFORMATION_FORMAT = dwarf;
				ENABLE_STRICT_OBJC_MSGSEND = YES;
				ENABLE_TESTABILITY = YES;
				GCC_C_LANGUAGE_STANDARD = gnu11;
				GCC_DYNAMIC_NO_PIC = NO;
				GCC_NO_COMMON_BLOCKS = YES;
				GCC_OPTIMIZATION_LEVEL = 0;
				GCC_PREPROCESSOR_DEFINITIONS = (
					"DEBUG=1",
					"$(inherited)",
				);
				GCC_WARN_64_TO_32_BIT_CONVERSION = YES;
				GCC_WARN_ABOUT_RETURN_TYPE = YES_ERROR;
				GCC_WARN_UNDECLARED_SELECTOR = YES;
				GCC_WARN_UNINITIALIZED_AUTOS = YES_AGGRESSIVE;
				GCC_WARN_UNUSED_FUNCTION = YES;
				GCC_WARN_UNUSED_VARIABLE = YES;
				IPHONEOS_DEPLOYMENT_TARGET = 16.0;
				MTL_ENABLE_DEBUG_INFO = INCLUDE_SOURCE;
				MTL_FAST_MATH = YES;
				ONLY_ACTIVE_ARCH = YES;
				SDKROOT = iphoneos;
				SWIFT_ACTIVE_COMPILATION_CONDITIONS = DEBUG;
				SWIFT_OPTIMIZATION_LEVEL = "-Onone";
			};
			name = Debug;
		};
		3FE1926128F99D6D006AA6C0 /* Release */ = {
			isa = XCBuildConfiguration;
			buildSettings = {
				ALWAYS_SEARCH_USER_PATHS = NO;
				CLANG_ANALYZER_NONNULL = YES;
				CLANG_ANALYZER_NUMBER_OBJECT_CONVERSION = YES_AGGRESSIVE;
				CLANG_CXX_LANGUAGE_STANDARD = "gnu++20";
				CLANG_ENABLE_MODULES = YES;
				CLANG_ENABLE_OBJC_ARC = YES;
				CLANG_ENABLE_OBJC_WEAK = YES;
				CLANG_WARN_BLOCK_CAPTURE_AUTORELEASING = YES;
				CLANG_WARN_BOOL_CONVERSION = YES;
				CLANG_WARN_COMMA = YES;
				CLANG_WARN_CONSTANT_CONVERSION = YES;
				CLANG_WARN_DEPRECATED_OBJC_IMPLEMENTATIONS = YES;
				CLANG_WARN_DIRECT_OBJC_ISA_USAGE = YES_ERROR;
				CLANG_WARN_DOCUMENTATION_COMMENTS = YES;
				CLANG_WARN_EMPTY_BODY = YES;
				CLANG_WARN_ENUM_CONVERSION = YES;
				CLANG_WARN_INFINITE_RECURSION = YES;
				CLANG_WARN_INT_CONVERSION = YES;
				CLANG_WARN_NON_LITERAL_NULL_CONVERSION = YES;
				CLANG_WARN_OBJC_IMPLICIT_RETAIN_SELF = YES;
				CLANG_WARN_OBJC_LITERAL_CONVERSION = YES;
				CLANG_WARN_OBJC_ROOT_CLASS = YES_ERROR;
				CLANG_WARN_QUOTED_INCLUDE_IN_FRAMEWORK_HEADER = YES;
				CLANG_WARN_RANGE_LOOP_ANALYSIS = YES;
				CLANG_WARN_STRICT_PROTOTYPES = YES;
				CLANG_WARN_SUSPICIOUS_MOVE = YES;
				CLANG_WARN_UNGUARDED_AVAILABILITY = YES_AGGRESSIVE;
				CLANG_WARN_UNREACHABLE_CODE = YES;
				CLANG_WARN__DUPLICATE_METHOD_MATCH = YES;
				COPY_PHASE_STRIP = NO;
				DEBUG_INFORMATION_FORMAT = "dwarf-with-dsym";
				ENABLE_NS_ASSERTIONS = NO;
				ENABLE_STRICT_OBJC_MSGSEND = YES;
				GCC_C_LANGUAGE_STANDARD = gnu11;
				GCC_NO_COMMON_BLOCKS = YES;
				GCC_WARN_64_TO_32_BIT_CONVERSION = YES;
				GCC_WARN_ABOUT_RETURN_TYPE = YES_ERROR;
				GCC_WARN_UNDECLARED_SELECTOR = YES;
				GCC_WARN_UNINITIALIZED_AUTOS = YES_AGGRESSIVE;
				GCC_WARN_UNUSED_FUNCTION = YES;
				GCC_WARN_UNUSED_VARIABLE = YES;
				IPHONEOS_DEPLOYMENT_TARGET = 16.0;
				MTL_ENABLE_DEBUG_INFO = NO;
				MTL_FAST_MATH = YES;
				SDKROOT = iphoneos;
				SWIFT_COMPILATION_MODE = wholemodule;
				SWIFT_OPTIMIZATION_LEVEL = "-O";
				VALIDATE_PRODUCT = YES;
			};
			name = Release;
		};
		3FE1926328F99D6D006AA6C0 /* Debug */ = {
			isa = XCBuildConfiguration;
			buildSettings = {
				ASSETCATALOG_COMPILER_APPICON_NAME = AppIcon;
				ASSETCATALOG_COMPILER_GLOBAL_ACCENT_COLOR_NAME = AccentColor;
				CODE_SIGN_STYLE = Automatic;
				CURRENT_PROJECT_VERSION = 1;
				DEVELOPMENT_TEAM = P8RC3XUL63;
				GENERATE_INFOPLIST_FILE = YES;
				INFOPLIST_FILE = estore/Info.plist;
				INFOPLIST_KEY_UIApplicationSupportsIndirectInputEvents = YES;
				INFOPLIST_KEY_UILaunchStoryboardName = LaunchScreen;
				INFOPLIST_KEY_UISupportedInterfaceOrientations_iPad = "UIInterfaceOrientationPortrait UIInterfaceOrientationPortraitUpsideDown UIInterfaceOrientationLandscapeLeft UIInterfaceOrientationLandscapeRight";
				INFOPLIST_KEY_UISupportedInterfaceOrientations_iPhone = "UIInterfaceOrientationPortrait UIInterfaceOrientationLandscapeLeft UIInterfaceOrientationLandscapeRight";
				LD_RUNPATH_SEARCH_PATHS = (
					"$(inherited)",
					"@executable_path/Frameworks",
				);
				MARKETING_VERSION = 1.0;
				PRODUCT_BUNDLE_IDENTIFIER = barbosanicolas.estore;
				PRODUCT_NAME = "$(TARGET_NAME)";
				SWIFT_EMIT_LOC_STRINGS = YES;
				SWIFT_VERSION = 5.0;
				TARGETED_DEVICE_FAMILY = "1,2";
			};
			name = Debug;
		};
		3FE1926428F99D6D006AA6C0 /* Release */ = {
			isa = XCBuildConfiguration;
			buildSettings = {
				ASSETCATALOG_COMPILER_APPICON_NAME = AppIcon;
				ASSETCATALOG_COMPILER_GLOBAL_ACCENT_COLOR_NAME = AccentColor;
				CODE_SIGN_STYLE = Automatic;
				CURRENT_PROJECT_VERSION = 1;
				DEVELOPMENT_TEAM = P8RC3XUL63;
				GENERATE_INFOPLIST_FILE = YES;
				INFOPLIST_FILE = estore/Info.plist;
				INFOPLIST_KEY_UIApplicationSupportsIndirectInputEvents = YES;
				INFOPLIST_KEY_UILaunchStoryboardName = LaunchScreen;
				INFOPLIST_KEY_UISupportedInterfaceOrientations_iPad = "UIInterfaceOrientationPortrait UIInterfaceOrientationPortraitUpsideDown UIInterfaceOrientationLandscapeLeft UIInterfaceOrientationLandscapeRight";
				INFOPLIST_KEY_UISupportedInterfaceOrientations_iPhone = "UIInterfaceOrientationPortrait UIInterfaceOrientationLandscapeLeft UIInterfaceOrientationLandscapeRight";
				LD_RUNPATH_SEARCH_PATHS = (
					"$(inherited)",
					"@executable_path/Frameworks",
				);
				MARKETING_VERSION = 1.0;
				PRODUCT_BUNDLE_IDENTIFIER = barbosanicolas.estore;
				PRODUCT_NAME = "$(TARGET_NAME)";
				SWIFT_EMIT_LOC_STRINGS = YES;
				SWIFT_VERSION = 5.0;
				TARGETED_DEVICE_FAMILY = "1,2";
			};
			name = Release;
		};
		3FE1926628F99D6D006AA6C0 /* Debug */ = {
			isa = XCBuildConfiguration;
			buildSettings = {
				ALWAYS_EMBED_SWIFT_STANDARD_LIBRARIES = YES;
				BUNDLE_LOADER = "$(TEST_HOST)";
				CODE_SIGN_STYLE = Automatic;
				CURRENT_PROJECT_VERSION = 1;
				DEVELOPMENT_TEAM = P8RC3XUL63;
				GENERATE_INFOPLIST_FILE = YES;
				IPHONEOS_DEPLOYMENT_TARGET = 16.0;
				MARKETING_VERSION = 1.0;
				PRODUCT_BUNDLE_IDENTIFIER = barbosanicolas.estoreTests;
				PRODUCT_NAME = "$(TARGET_NAME)";
				SWIFT_EMIT_LOC_STRINGS = NO;
				SWIFT_VERSION = 5.0;
				TARGETED_DEVICE_FAMILY = "1,2";
				TEST_HOST = "$(BUILT_PRODUCTS_DIR)/estore.app/$(BUNDLE_EXECUTABLE_FOLDER_PATH)/estore";
			};
			name = Debug;
		};
		3FE1926728F99D6D006AA6C0 /* Release */ = {
			isa = XCBuildConfiguration;
			buildSettings = {
				ALWAYS_EMBED_SWIFT_STANDARD_LIBRARIES = YES;
				BUNDLE_LOADER = "$(TEST_HOST)";
				CODE_SIGN_STYLE = Automatic;
				CURRENT_PROJECT_VERSION = 1;
				DEVELOPMENT_TEAM = P8RC3XUL63;
				GENERATE_INFOPLIST_FILE = YES;
				IPHONEOS_DEPLOYMENT_TARGET = 16.0;
				MARKETING_VERSION = 1.0;
				PRODUCT_BUNDLE_IDENTIFIER = barbosanicolas.estoreTests;
				PRODUCT_NAME = "$(TARGET_NAME)";
				SWIFT_EMIT_LOC_STRINGS = NO;
				SWIFT_VERSION = 5.0;
				TARGETED_DEVICE_FAMILY = "1,2";
				TEST_HOST = "$(BUILT_PRODUCTS_DIR)/estore.app/$(BUNDLE_EXECUTABLE_FOLDER_PATH)/estore";
			};
			name = Release;
		};
		3FE1926928F99D6D006AA6C0 /* Debug */ = {
			isa = XCBuildConfiguration;
			buildSettings = {
				ALWAYS_EMBED_SWIFT_STANDARD_LIBRARIES = YES;
				CODE_SIGN_STYLE = Automatic;
				CURRENT_PROJECT_VERSION = 1;
				DEVELOPMENT_TEAM = P8RC3XUL63;
				GENERATE_INFOPLIST_FILE = YES;
				MARKETING_VERSION = 1.0;
				PRODUCT_BUNDLE_IDENTIFIER = barbosanicolas.estoreUITests;
				PRODUCT_NAME = "$(TARGET_NAME)";
				SWIFT_EMIT_LOC_STRINGS = NO;
				SWIFT_VERSION = 5.0;
				TARGETED_DEVICE_FAMILY = "1,2";
				TEST_TARGET_NAME = estore;
			};
			name = Debug;
		};
		3FE1926A28F99D6D006AA6C0 /* Release */ = {
			isa = XCBuildConfiguration;
			buildSettings = {
				ALWAYS_EMBED_SWIFT_STANDARD_LIBRARIES = YES;
				CODE_SIGN_STYLE = Automatic;
				CURRENT_PROJECT_VERSION = 1;
				DEVELOPMENT_TEAM = P8RC3XUL63;
				GENERATE_INFOPLIST_FILE = YES;
				MARKETING_VERSION = 1.0;
				PRODUCT_BUNDLE_IDENTIFIER = barbosanicolas.estoreUITests;
				PRODUCT_NAME = "$(TARGET_NAME)";
				SWIFT_EMIT_LOC_STRINGS = NO;
				SWIFT_VERSION = 5.0;
				TARGETED_DEVICE_FAMILY = "1,2";
				TEST_TARGET_NAME = estore;
			};
			name = Release;
		};
/* End XCBuildConfiguration section */

/* Begin XCConfigurationList section */
		3FE1923028F99D6C006AA6C0 /* Build configuration list for PBXProject "estore" */ = {
			isa = XCConfigurationList;
			buildConfigurations = (
				3FE1926028F99D6D006AA6C0 /* Debug */,
				3FE1926128F99D6D006AA6C0 /* Release */,
			);
			defaultConfigurationIsVisible = 0;
			defaultConfigurationName = Release;
		};
		3FE1926228F99D6D006AA6C0 /* Build configuration list for PBXNativeTarget "estore" */ = {
			isa = XCConfigurationList;
			buildConfigurations = (
				3FE1926328F99D6D006AA6C0 /* Debug */,
				3FE1926428F99D6D006AA6C0 /* Release */,
			);
			defaultConfigurationIsVisible = 0;
			defaultConfigurationName = Release;
		};
		3FE1926528F99D6D006AA6C0 /* Build configuration list for PBXNativeTarget "estoreTests" */ = {
			isa = XCConfigurationList;
			buildConfigurations = (
				3FE1926628F99D6D006AA6C0 /* Debug */,
				3FE1926728F99D6D006AA6C0 /* Release */,
			);
			defaultConfigurationIsVisible = 0;
			defaultConfigurationName = Release;
		};
		3FE1926828F99D6D006AA6C0 /* Build configuration list for PBXNativeTarget "estoreUITests" */ = {
			isa = XCConfigurationList;
			buildConfigurations = (
				3FE1926928F99D6D006AA6C0 /* Debug */,
				3FE1926A28F99D6D006AA6C0 /* Release */,
			);
			defaultConfigurationIsVisible = 0;
			defaultConfigurationName = Release;
		};
/* End XCConfigurationList section */

/* Begin XCRemoteSwiftPackageReference section */
		3F4AD9762902DED8001DA1B1 /* XCRemoteSwiftPackageReference "SDWebImage" */ = {
			isa = XCRemoteSwiftPackageReference;
			repositoryURL = "https://github.com/SDWebImage/SDWebImage.git";
			requirement = {
				kind = upToNextMajorVersion;
				minimumVersion = 5.0.0;
			};
		};
/* End XCRemoteSwiftPackageReference section */

/* Begin XCSwiftPackageProductDependency section */
		3F4AD9772902DED8001DA1B1 /* SDWebImage */ = {
			isa = XCSwiftPackageProductDependency;
			package = 3F4AD9762902DED8001DA1B1 /* XCRemoteSwiftPackageReference "SDWebImage" */;
			productName = SDWebImage;
		};
/* End XCSwiftPackageProductDependency section */

/* Begin XCVersionGroup section */
		3FE1924128F99D6C006AA6C0 /* estore.xcdatamodeld */ = {
			isa = XCVersionGroup;
			children = (
				3FE1924228F99D6C006AA6C0 /* estore.xcdatamodel */,
			);
			currentVersion = 3FE1924228F99D6C006AA6C0 /* estore.xcdatamodel */;
			path = estore.xcdatamodeld;
			sourceTree = "<group>";
			versionGroupType = wrapper.xcdatamodel;
		};
/* End XCVersionGroup section */
	};
	rootObject = 3FE1922D28F99D6C006AA6C0 /* Project object */;
}
